// !$*UTF8*$!
{
	archiveVersion = 1;
	classes = {
	};
	objectVersion = 56;
	objects = {

/* Begin PBXBuildFile section */
		B00000000000000000000001 /* MtcCounterApp.swift in Sources */ = {isa = PBXBuildFile; fileRef = A00000000000000000000001 /* MtcCounterApp.swift */; };
		B00000000000000000000002 /* ContentView.swift in Sources */ = {isa = PBXBuildFile; fileRef = A00000000000000000000002 /* ContentView.swift */; };
		B00000000000000000000003 /* CounterView.swift in Sources */ = {isa = PBXBuildFile; fileRef = A00000000000000000000003 /* CounterView.swift */; };
		B00000000000000000000004 /* HistoryView.swift in Sources */ = {isa = PBXBuildFile; fileRef = A00000000000000000000004 /* HistoryView.swift */; };
		B00000000000000000000005 /* SaveRecordView.swift in Sources */ = {isa = PBXBuildFile; fileRef = A00000000000000000000005 /* SaveRecordView.swift */; };
		B00000000000000000000006 /* SettingsView.swift in Sources */ = {isa = PBXBuildFile; fileRef = A00000000000000000000006 /* SettingsView.swift */; };
		B00000000000000000000007 /* AttendanceRecord.swift in Sources */ = {isa = PBXBuildFile; fileRef = A00000000000000000000007 /* AttendanceRecord.swift */; };
		B00000000000000000000008 /* AppState.swift in Sources */ = {isa = PBXBuildFile; fileRef = A00000000000000000000008 /* AppState.swift */; };
		B00000000000000000000009 /* Assets.xcassets in Resources */ = {isa = PBXBuildFile; fileRef = A00000000000000000000009 /* Assets.xcassets */; };
		B0000000000000000000000A /* MtcCounterWatchApp.swift in Sources */ = {isa = PBXBuildFile; fileRef = A0000000000000000000000B /* MtcCounterWatchApp.swift */; };
		B0000000000000000000000B /* WatchContentView.swift in Sources */ = {isa = PBXBuildFile; fileRef = A0000000000000000000000C /* WatchContentView.swift */; };
		B0000000000000000000000C /* WatchCounterView.swift in Sources */ = {isa = PBXBuildFile; fileRef = A0000000000000000000000D /* WatchCounterView.swift */; };
		B0000000000000000000000D /* WatchRoundsView.swift in Sources */ = {isa = PBXBuildFile; fileRef = A0000000000000000000000E /* WatchRoundsView.swift */; };
		B0000000000000000000000E /* WatchAppState.swift in Sources */ = {isa = PBXBuildFile; fileRef = A0000000000000000000000F /* WatchAppState.swift */; };
		B0000000000000000000000F /* AttendanceRecord.swift in Sources */ = {isa = PBXBuildFile; fileRef = A00000000000000000000010 /* AttendanceRecord.swift (Watch) */; };
		B00000000000000000000010 /* Assets.xcassets in Resources */ = {isa = PBXBuildFile; fileRef = A00000000000000000000011 /* Assets.xcassets (Watch) */; };
/* End PBXBuildFile section */

/* Begin PBXFileReference section */
		A00000000000000000000001 /* MtcCounterApp.swift */ = {isa = PBXFileReference; lastKnownFileType = sourcecode.swift; path = MtcCounterApp.swift; sourceTree = "<group>"; };
		A00000000000000000000002 /* ContentView.swift */ = {isa = PBXFileReference; lastKnownFileType = sourcecode.swift; path = ContentView.swift; sourceTree = "<group>"; };
		A00000000000000000000003 /* CounterView.swift */ = {isa = PBXFileReference; lastKnownFileType = sourcecode.swift; path = CounterView.swift; sourceTree = "<group>"; };
		A00000000000000000000004 /* HistoryView.swift */ = {isa = PBXFileReference; lastKnownFileType = sourcecode.swift; path = HistoryView.swift; sourceTree = "<group>"; };
		A00000000000000000000005 /* SaveRecordView.swift */ = {isa = PBXFileReference; lastKnownFileType = sourcecode.swift; path = SaveRecordView.swift; sourceTree = "<group>"; };
		A00000000000000000000006 /* SettingsView.swift */ = {isa = PBXFileReference; lastKnownFileType = sourcecode.swift; path = SettingsView.swift; sourceTree = "<group>"; };
		A00000000000000000000007 /* AttendanceRecord.swift */ = {isa = PBXFileReference; lastKnownFileType = sourcecode.swift; path = AttendanceRecord.swift; sourceTree = "<group>"; };
		A00000000000000000000008 /* AppState.swift */ = {isa = PBXFileReference; lastKnownFileType = sourcecode.swift; path = AppState.swift; sourceTree = "<group>"; };
		A00000000000000000000009 /* Assets.xcassets */ = {isa = PBXFileReference; lastKnownFileType = folder.assetcatalog; path = Assets.xcassets; sourceTree = "<group>"; };
		A0000000000000000000000A /* MtcCounter.app */ = {isa = PBXFileReference; explicitFileType = wrapper.application; includeInIndex = 0; path = MtcCounter.app; sourceTree = BUILT_PRODUCTS_DIR; };
		A0000000000000000000000B /* MtcCounterWatchApp.swift */ = {isa = PBXFileReference; lastKnownFileType = sourcecode.swift; path = MtcCounterWatchApp.swift; sourceTree = "<group>"; };
		A0000000000000000000000C /* WatchContentView.swift */ = {isa = PBXFileReference; lastKnownFileType = sourcecode.swift; path = WatchContentView.swift; sourceTree = "<group>"; };
		A0000000000000000000000D /* WatchCounterView.swift */ = {isa = PBXFileReference; lastKnownFileType = sourcecode.swift; path = WatchCounterView.swift; sourceTree = "<group>"; };
		A0000000000000000000000E /* WatchRoundsView.swift */ = {isa = PBXFileReference; lastKnownFileType = sourcecode.swift; path = WatchRoundsView.swift; sourceTree = "<group>"; };
		A0000000000000000000000F /* WatchAppState.swift */ = {isa = PBXFileReference; lastKnownFileType = sourcecode.swift; path = WatchAppState.swift; sourceTree = "<group>"; };
		A00000000000000000000010 /* AttendanceRecord.swift (Watch) */ = {isa = PBXFileReference; lastKnownFileType = sourcecode.swift; path = AttendanceRecord.swift; sourceTree = "<group>"; };
		A00000000000000000000011 /* Assets.xcassets (Watch) */ = {isa = PBXFileReference; lastKnownFileType = folder.assetcatalog; path = Assets.xcassets; sourceTree = "<group>"; };
		A00000000000000000000012 /* MtcCounterWatch.app */ = {isa = PBXFileReference; explicitFileType = wrapper.application; includeInIndex = 0; path = "MtcCounterWatch.app"; sourceTree = BUILT_PRODUCTS_DIR; };
/* End PBXFileReference section */

/* Begin PBXFrameworksBuildPhase section */
		C00000000000000000000003 /* Frameworks */ = {
			isa = PBXFrameworksBuildPhase;
			buildActionMask = 2147483647;
			files = (
			);
			runOnlyForDeploymentPostprocessing = 0;
		};
		C00000000000000000000006 /* Frameworks */ = {
			isa = PBXFrameworksBuildPhase;
			buildActionMask = 2147483647;
			files = (
			);
			runOnlyForDeploymentPostprocessing = 0;
		};
/* End PBXFrameworksBuildPhase section */

/* Begin PBXGroup section */
		F00000000000000000000001 /* MtcCounter */ = {
			isa = PBXGroup;
			children = (
				F00000000000000000000003 /* MtcCounter */,
				F00000000000000000000005 /* MtcCounterWatch Watch App */,
				F00000000000000000000002 /* Products */,
			);
			sourceTree = "<group>";
		};
		F00000000000000000000002 /* Products */ = {
			isa = PBXGroup;
			children = (
				A0000000000000000000000A /* MtcCounter.app */,
				A00000000000000000000012 /* MtcCounterWatch.app */,
			);
			name = Products;
			sourceTree = "<group>";
		};
		F00000000000000000000003 /* MtcCounter */ = {
			isa = PBXGroup;
			children = (
				A00000000000000000000001 /* MtcCounterApp.swift */,
				A00000000000000000000002 /* ContentView.swift */,
				A00000000000000000000003 /* CounterView.swift */,
				A00000000000000000000004 /* HistoryView.swift */,
				A00000000000000000000005 /* SaveRecordView.swift */,
				A00000000000000000000006 /* SettingsView.swift */,
				F00000000000000000000004 /* Models */,
				A00000000000000000000009 /* Assets.xcassets */,
			);
			path = MtcCounter;
			sourceTree = "<group>";
		};
		F00000000000000000000004 /* Models */ = {
			isa = PBXGroup;
			children = (
				A00000000000000000000007 /* AttendanceRecord.swift */,
				A00000000000000000000008 /* AppState.swift */,
			);
			path = Models;
			sourceTree = "<group>";
		};
		F00000000000000000000005 /* MtcCounterWatch Watch App */ = {
			isa = PBXGroup;
			children = (
				A0000000000000000000000B /* MtcCounterWatchApp.swift */,
				A0000000000000000000000C /* WatchContentView.swift */,
				A0000000000000000000000D /* WatchCounterView.swift */,
				A0000000000000000000000E /* WatchRoundsView.swift */,
				A0000000000000000000000F /* WatchAppState.swift */,
				A00000000000000000000010 /* AttendanceRecord.swift (Watch) */,
				A00000000000000000000011 /* Assets.xcassets (Watch) */,
			);
			path = "MtcCounterWatch Watch App";
			sourceTree = "<group>";
		};
/* End PBXGroup section */

/* Begin PBXNativeTarget section */
		200000000000000000000001 /* MtcCounter */ = {
			isa = PBXNativeTarget;
			buildConfigurationList = E00000000000000000000002 /* Build configuration list for PBXNativeTarget "MtcCounter" */;
			buildPhases = (
				C00000000000000000000001 /* Sources */,
				C00000000000000000000002 /* Resources */,
				C00000000000000000000003 /* Frameworks */,
			);
			buildRules = (
			);
			dependencies = (
			);
			name = MtcCounter;
			productName = MtcCounter;
			productReference = A0000000000000000000000A /* MtcCounter.app */;
			productType = "com.apple.product-type.application";
		};
		300000000000000000000001 /* MtcCounterWatch Watch App */ = {
			isa = PBXNativeTarget;
			buildConfigurationList = E00000000000000000000003 /* Build configuration list for PBXNativeTarget "MtcCounterWatch Watch App" */;
			buildPhases = (
				C00000000000000000000004 /* Sources */,
				C00000000000000000000005 /* Resources */,
				C00000000000000000000006 /* Frameworks */,
			);
			buildRules = (
			);
			dependencies = (
			);
			name = "MtcCounterWatch Watch App";
			productName = "MtcCounterWatch Watch App";
			productReference = A00000000000000000000012 /* MtcCounterWatch.app */;
			productType = "com.apple.product-type.application";
		};
/* End PBXNativeTarget section */

/* Begin PBXProject section */
		100000000000000000000001 /* Project object */ = {
			isa = PBXProject;
			attributes = {
				BuildIndependentTargetsInParallel = 1;
				LastSwiftUpdateCheck = 1500;
				LastUpgradeCheck = 1500;
				TargetAttributes = {
					200000000000000000000001 = {
						CreatedOnToolsVersion = 15.0;
					};
					300000000000000000000001 = {
						CreatedOnToolsVersion = 15.0;
					};
				};
			};
			buildConfigurationList = E00000000000000000000001 /* Build configuration list for PBXProject "MtcCounter" */;
			compatibilityVersion = "Xcode 14.0";
			developmentRegion = en;
			hasScannedForEncodings = 0;
			knownRegions = (
				en,
				Base,
			);
			mainGroup = F00000000000000000000001;
			productRefGroup = F00000000000000000000002 /* Products */;
			projectDirPath = "";
			projectRoot = "";
			targets = (
				200000000000000000000001 /* MtcCounter */,
				300000000000000000000001 /* MtcCounterWatch Watch App */,
			);
		};
/* End PBXProject section */

/* Begin PBXResourcesBuildPhase section */
		C00000000000000000000002 /* Resources */ = {
			isa = PBXResourcesBuildPhase;
			buildActionMask = 2147483647;
			files = (
				B00000000000000000000009 /* Assets.xcassets in Resources */,
			);
			runOnlyForDeploymentPostprocessing = 0;
		};
		C00000000000000000000005 /* Resources */ = {
			isa = PBXResourcesBuildPhase;
			buildActionMask = 2147483647;
			files = (
				B00000000000000000000010 /* Assets.xcassets in Resources */,
			);
			runOnlyForDeploymentPostprocessing = 0;
		};
/* End PBXResourcesBuildPhase section */

/* Begin PBXSourcesBuildPhase section */
		C00000000000000000000001 /* Sources */ = {
			isa = PBXSourcesBuildPhase;
			buildActionMask = 2147483647;
			files = (
				B00000000000000000000001 /* MtcCounterApp.swift in Sources */,
				B00000000000000000000002 /* ContentView.swift in Sources */,
				B00000000000000000000003 /* CounterView.swift in Sources */,
				B00000000000000000000004 /* HistoryView.swift in Sources */,
				B00000000000000000000005 /* SaveRecordView.swift in Sources */,
				B00000000000000000000006 /* SettingsView.swift in Sources */,
				B00000000000000000000007 /* AttendanceRecord.swift in Sources */,
				B00000000000000000000008 /* AppState.swift in Sources */,
			);
			runOnlyForDeploymentPostprocessing = 0;
		};
		C00000000000000000000004 /* Sources */ = {
			isa = PBXSourcesBuildPhase;
			buildActionMask = 2147483647;
			files = (
				B0000000000000000000000A /* MtcCounterWatchApp.swift in Sources */,
				B0000000000000000000000B /* WatchContentView.swift in Sources */,
				B0000000000000000000000C /* WatchCounterView.swift in Sources */,
				B0000000000000000000000D /* WatchRoundsView.swift in Sources */,
				B0000000000000000000000E /* WatchAppState.swift in Sources */,
				B0000000000000000000000F /* AttendanceRecord.swift in Sources */,
			);
			runOnlyForDeploymentPostprocessing = 0;
		};
/* End PBXSourcesBuildPhase section */

/* Begin XCBuildConfiguration section */
		D00000000000000000000001 /* Debug */ = {
			isa = XCBuildConfiguration;
			buildSettings = {
				ALWAYS_SEARCH_USER_PATHS = NO;
				CLANG_ANALYZER_NONNULL = YES;
				CLANG_ANALYZER_NUMBER_OBJECT_CONVERSION = YES_AGGRESSIVE;
				CLANG_CXX_LANGUAGE_STANDARD = "gnu++20";
				CLANG_ENABLE_MODULES = YES;
				CLANG_ENABLE_OBJC_ARC = YES;
				CLANG_ENABLE_OBJC_WEAK = YES;
				CLANG_WARN_BLOCK_CAPTURE_AUTORELEASING = YES;
				CLANG_WARN_BOOL_CONVERSION = YES;
				CLANG_WARN_COMMA = YES;
				CLANG_WARN_CONSTANT_CONVERSION = YES;
				CLANG_WARN_DEPRECATED_OBJC_IMPLEMENTATIONS = YES;
				CLANG_WARN_DIRECT_OBJC_ISA_USAGE = YES_ERROR;
				CLANG_WARN_DOCUMENTATION_COMMENTS = YES;
				CLANG_WARN_EMPTY_BODY = YES;
				CLANG_WARN_ENUM_CONVERSION = YES;
				CLANG_WARN_INFINITE_RECURSION = YES;
				CLANG_WARN_INT_CONVERSION = YES;
				CLANG_WARN_NON_LITERAL_NULL_CONVERSION = YES;
				CLANG_WARN_OBJC_IMPLICIT_RETAIN_SELF = YES;
				CLANG_WARN_OBJC_LITERAL_CONVERSION = YES;
				CLANG_WARN_OBJC_ROOT_CLASS = YES_ERROR;
				CLANG_WARN_QUOTED_INCLUDE_IN_FRAMEWORK_HEADER = YES;
				CLANG_WARN_RANGE_LOOP_ANALYSIS = YES;
				CLANG_WARN_STRICT_PROTOTYPES = YES;
				CLANG_WARN_SUSPICIOUS_MOVE = YES;
				CLANG_WARN_UNGUARDED_AVAILABILITY = YES_AGGRESSIVE;
				CLANG_WARN_UNREACHABLE_CODE = YES;
				CLANG_WARN__DUPLICATE_METHOD_MATCH = YES;
				COPY_PHASE_STRIP = NO;
				DEBUG_INFORMATION_FORMAT = dwarf;
				ENABLE_STRICT_OBJC_MSGSEND = YES;
				ENABLE_TESTABILITY = YES;
				GCC_C_LANGUAGE_STANDARD = gnu17;
				GCC_DYNAMIC_NO_PIC = NO;
				GCC_NO_COMMON_BLOCKS = YES;
				GCC_OPTIMIZATION_LEVEL = 0;
				GCC_PREPROCESSOR_DEFINITIONS = (
					"DEBUG=1",
					"$(inherited)",
				);
				GCC_WARN_64_TO_32_BIT_CONVERSION = YES;
				GCC_WARN_ABOUT_RETURN_TYPE = YES_ERROR;
				GCC_WARN_UNDECLARED_SELECTOR = YES;
				GCC_WARN_UNINITIALIZED_AUTOS = YES_AGGRESSIVE;
				GCC_WARN_UNUSED_FUNCTION = YES;
				GCC_WARN_UNUSED_VARIABLE = YES;
				MTL_ENABLE_DEBUG_INFO = INCLUDE_SOURCE;
				MTL_FAST_MATH = YES;
				ONLY_ACTIVE_ARCH = YES;
				SWIFT_ACTIVE_COMPILATION_CONDITIONS = DEBUG;
				SWIFT_OPTIMIZATION_LEVEL = "-Onone";
			};
			name = Debug;
		};
		D00000000000000000000002 /* Release */ = {
			isa = XCBuildConfiguration;
			buildSettings = {
				ALWAYS_SEARCH_USER_PATHS = NO;
				CLANG_ANALYZER_NONNULL = YES;
				CLANG_ANALYZER_NUMBER_OBJECT_CONVERSION = YES_AGGRESSIVE;
				CLANG_CXX_LANGUAGE_STANDARD = "gnu++20";
				CLANG_ENABLE_MODULES = YES;
				CLANG_ENABLE_OBJC_ARC = YES;
				CLANG_ENABLE_OBJC_WEAK = YES;
				CLANG_WARN_BLOCK_CAPTURE_AUTORELEASING = YES;
				CLANG_WARN_BOOL_CONVERSION = YES;
				CLANG_WARN_COMMA = YES;
				CLANG_WARN_CONSTANT_CONVERSION = YES;
				CLANG_WARN_DEPRECATED_OBJC_IMPLEMENTATIONS = YES;
				CLANG_WARN_DIRECT_OBJC_ISA_USAGE = YES_ERROR;
				CLANG_WARN_DOCUMENTATION_COMMENTS = YES;
				CLANG_WARN_EMPTY_BODY = YES;
				CLANG_WARN_ENUM_CONVERSION = YES;
				CLANG_WARN_INFINITE_RECURSION = YES;
				CLANG_WARN_INT_CONVERSION = YES;
				CLANG_WARN_NON_LITERAL_NULL_CONVERSION = YES;
				CLANG_WARN_OBJC_IMPLICIT_RETAIN_SELF = YES;
				CLANG_WARN_OBJC_LITERAL_CONVERSION = YES;
				CLANG_WARN_OBJC_ROOT_CLASS = YES_ERROR;
				CLANG_WARN_QUOTED_INCLUDE_IN_FRAMEWORK_HEADER = YES;
				CLANG_WARN_RANGE_LOOP_ANALYSIS = YES;
				CLANG_WARN_STRICT_PROTOTYPES = YES;
				CLANG_WARN_SUSPICIOUS_MOVE = YES;
				CLANG_WARN_UNGUARDED_AVAILABILITY = YES_AGGRESSIVE;
				CLANG_WARN_UNREACHABLE_CODE = YES;
				CLANG_WARN__DUPLICATE_METHOD_MATCH = YES;
				COPY_PHASE_STRIP = NO;
				DEBUG_INFORMATION_FORMAT = "dwarf-with-dsym";
				ENABLE_NS_ASSERTIONS = NO;
				ENABLE_STRICT_OBJC_MSGSEND = YES;
				GCC_C_LANGUAGE_STANDARD = gnu17;
				GCC_NO_COMMON_BLOCKS = YES;
				GCC_WARN_64_TO_32_BIT_CONVERSION = YES;
				GCC_WARN_ABOUT_RETURN_TYPE = YES_ERROR;
				GCC_WARN_UNDECLARED_SELECTOR = YES;
				GCC_WARN_UNINITIALIZED_AUTOS = YES_AGGRESSIVE;
				GCC_WARN_UNUSED_FUNCTION = YES;
				GCC_WARN_UNUSED_VARIABLE = YES;
				MTL_ENABLE_DEBUG_INFO = NO;
				MTL_FAST_MATH = YES;
				SWIFT_COMPILATION_MODE = wholemodule;
				SWIFT_OPTIMIZATION_LEVEL = "-O";
			};
			name = Release;
		};
		D00000000000000000000003 /* Debug */ = {
			isa = XCBuildConfiguration;
			buildSettings = {
				ASSETCATALOG_COMPILER_APPICON_NAME = AppIcon;
				ASSETCATALOG_COMPILER_GLOBAL_ACCENT_COLOR_NAME = AccentColor;
				CODE_SIGN_STYLE = Automatic;
				CURRENT_PROJECT_VERSION = 1;
				ENABLE_PREVIEWS = YES;
				GENERATE_INFOPLIST_FILE = YES;
				INFOPLIST_KEY_UIApplicationSceneManifest_Generation = YES;
				INFOPLIST_KEY_UIApplicationSupportsIndirectInputEvents = YES;
				INFOPLIST_KEY_UILaunchScreen_Generation = YES;
				INFOPLIST_KEY_UISupportedInterfaceOrientations_iPad = "UIInterfaceOrientationPortrait UIInterfaceOrientationPortraitUpsideDown UIInterfaceOrientationLandscapeLeft UIInterfaceOrientationLandscapeRight";
				INFOPLIST_KEY_UISupportedInterfaceOrientations_iPhone = "UIInterfaceOrientationPortrait UIInterfaceOrientationLandscapeLeft UIInterfaceOrientationLandscapeRight";
				IPHONEOS_DEPLOYMENT_TARGET = 16.0;
				LD_RUNPATH_SEARCH_PATHS = (
					"$(inherited)",
					"@executable_path/Frameworks",
				);
				MARKETING_VERSION = 1.0;
				PRODUCT_BUNDLE_IDENTIFIER = "com.mtc.counter";
				PRODUCT_NAME = "$(TARGET_NAME)";
				SDKROOT = iphoneos;
				SWIFT_EMIT_LOC_STRINGS = YES;
				SWIFT_VERSION = 5.0;
				TARGETED_DEVICE_FAMILY = "1,2";
			};
			name = Debug;
		};
		D00000000000000000000004 /* Release */ = {
			isa = XCBuildConfiguration;
			buildSettings = {
				ASSETCATALOG_COMPILER_APPICON_NAME = AppIcon;
				ASSETCATALOG_COMPILER_GLOBAL_ACCENT_COLOR_NAME = AccentColor;
				CODE_SIGN_STYLE = Automatic;
				CURRENT_PROJECT_VERSION = 1;
				ENABLE_PREVIEWS = YES;
				GENERATE_INFOPLIST_FILE = YES;
				INFOPLIST_KEY_UIApplicationSceneManifest_Generation = YES;
				INFOPLIST_KEY_UIApplicationSupportsIndirectInputEvents = YES;
				INFOPLIST_KEY_UILaunchScreen_Generation = YES;
				INFOPLIST_KEY_UISupportedInterfaceOrientations_iPad = "UIInterfaceOrientationPortrait UIInterfaceOrientationPortraitUpsideDown UIInterfaceOrientationLandscapeLeft UIInterfaceOrientationLandscapeRight";
				INFOPLIST_KEY_UISupportedInterfaceOrientations_iPhone = "UIInterfaceOrientationPortrait UIInterfaceOrientationLandscapeLeft UIInterfaceOrientationLandscapeRight";
				IPHONEOS_DEPLOYMENT_TARGET = 16.0;
				LD_RUNPATH_SEARCH_PATHS = (
					"$(inherited)",
					"@executable_path/Frameworks",
				);
				MARKETING_VERSION = 1.0;
				PRODUCT_BUNDLE_IDENTIFIER = "com.mtc.counter";
				PRODUCT_NAME = "$(TARGET_NAME)";
				SDKROOT = iphoneos;
				SWIFT_EMIT_LOC_STRINGS = YES;
				SWIFT_VERSION = 5.0;
				TARGETED_DEVICE_FAMILY = "1,2";
			};
			name = Release;
		};
		D00000000000000000000005 /* Debug */ = {
			isa = XCBuildConfiguration;
			buildSettings = {
				ASSETCATALOG_COMPILER_APPICON_NAME = AppIcon;
				ASSETCATALOG_COMPILER_GLOBAL_ACCENT_COLOR_NAME = AccentColor;
				CODE_SIGN_STYLE = Automatic;
				CURRENT_PROJECT_VERSION = 1;
				GENERATE_INFOPLIST_FILE = YES;
				INFOPLIST_KEY_UISupportedInterfaceOrientations = "";
				INFOPLIST_KEY_WKCompanionAppBundleIdentifier = "com.mtc.counter";
				MARKETING_VERSION = 1.0;
				PRODUCT_BUNDLE_IDENTIFIER = "com.mtc.counter.watchkitapp";
				PRODUCT_NAME = "$(TARGET_NAME)";
				SDKROOT = watchos;
				SKIP_INSTALL = YES;
				SWIFT_EMIT_LOC_STRINGS = YES;
				SWIFT_VERSION = 5.0;
				TARGETED_DEVICE_FAMILY = 4;
				WATCHOS_DEPLOYMENT_TARGET = 9.0;
			};
			name = Debug;
		};
		D00000000000000000000006 /* Release */ = {
			isa = XCBuildConfiguration;
			buildSettings = {
				ASSETCATALOG_COMPILER_APPICON_NAME = AppIcon;
				ASSETCATALOG_COMPILER_GLOBAL_ACCENT_COLOR_NAME = AccentColor;
				CODE_SIGN_STYLE = Automatic;
				CURRENT_PROJECT_VERSION = 1;
				GENERATE_INFOPLIST_FILE = YES;
				INFOPLIST_KEY_UISupportedInterfaceOrientations = "";
				INFOPLIST_KEY_WKCompanionAppBundleIdentifier = "com.mtc.counter";
				MARKETING_VERSION = 1.0;
				PRODUCT_BUNDLE_IDENTIFIER = "com.mtc.counter.watchkitapp";
				PRODUCT_NAME = "$(TARGET_NAME)";
				SDKROOT = watchos;
				SKIP_INSTALL = YES;
				SWIFT_EMIT_LOC_STRINGS = YES;
				SWIFT_VERSION = 5.0;
				TARGETED_DEVICE_FAMILY = 4;
				WATCHOS_DEPLOYMENT_TARGET = 9.0;
			};
			name = Release;
		};
/* End XCBuildConfiguration section */

/* Begin XCConfigurationList section */
		E00000000000000000000001 /* Build configuration list for PBXProject "MtcCounter" */ = {
			isa = XCConfigurationList;
			buildConfigurations = (
				D00000000000000000000001 /* Debug */,
				D00000000000000000000002 /* Release */,
			);
			defaultConfigurationIsVisible = 0;
			defaultConfigurationName = Release;
		};
		E00000000000000000000002 /* Build configuration list for PBXNativeTarget "MtcCounter" */ = {
			isa = XCConfigurationList;
			buildConfigurations = (
				D00000000000000000000003 /* Debug */,
				D00000000000000000000004 /* Release */,
			);
			defaultConfigurationIsVisible = 0;
			defaultConfigurationName = Release;
		};
		E00000000000000000000003 /* Build configuration list for PBXNativeTarget "MtcCounterWatch Watch App" */ = {
			isa = XCConfigurationList;
			buildConfigurations = (
				D00000000000000000000005 /* Debug */,
				D00000000000000000000006 /* Release */,
			);
			defaultConfigurationIsVisible = 0;
			defaultConfigurationName = Release;
		};
/* End XCConfigurationList section */

	};
	rootObject = 100000000000000000000001 /* Project object */;
}
